// !$*UTF8*$!
{
	archiveVersion = 1;
	classes = {
	};
	objectVersion = 55;
	objects = {

/* Begin PBXBuildFile section */
		84914FCE29100719008C8AE9 /* MarketTestApp.swift in Sources */ = {isa = PBXBuildFile; fileRef = 84914FCD29100719008C8AE9 /* MarketTestApp.swift */; };
		84914FD029100719008C8AE9 /* CatalogView.swift in Sources */ = {isa = PBXBuildFile; fileRef = 84914FCF29100719008C8AE9 /* CatalogView.swift */; };
		84914FD22910071B008C8AE9 /* Assets.xcassets in Resources */ = {isa = PBXBuildFile; fileRef = 84914FD12910071B008C8AE9 /* Assets.xcassets */; };
		84914FD52910071B008C8AE9 /* Preview Assets.xcassets in Resources */ = {isa = PBXBuildFile; fileRef = 84914FD42910071B008C8AE9 /* Preview Assets.xcassets */; };
		84914FE729101C63008C8AE9 /* CategoryView.swift in Sources */ = {isa = PBXBuildFile; fileRef = 84914FE629101C63008C8AE9 /* CategoryView.swift */; };
		84914FEA29101DCD008C8AE9 /* CategoryItemView.swift in Sources */ = {isa = PBXBuildFile; fileRef = 84914FE929101DCD008C8AE9 /* CategoryItemView.swift */; };
		84914FED29101E41008C8AE9 /* ProductView.swift in Sources */ = {isa = PBXBuildFile; fileRef = 84914FEC29101E41008C8AE9 /* ProductView.swift */; };
		84914FEF29101F8D008C8AE9 /* ProductItemView.swift in Sources */ = {isa = PBXBuildFile; fileRef = 84914FEE29101F8D008C8AE9 /* ProductItemView.swift */; };
		84914FF429115A2E008C8AE9 /* BannerView.swift in Sources */ = {isa = PBXBuildFile; fileRef = 84914FF329115A2E008C8AE9 /* BannerView.swift */; };
		84914FF629115CD1008C8AE9 /* SearchBarView.swift in Sources */ = {isa = PBXBuildFile; fileRef = 84914FF529115CD1008C8AE9 /* SearchBarView.swift */; };
		84914FF829115EF0008C8AE9 /* HeaderView.swift in Sources */ = {isa = PBXBuildFile; fileRef = 84914FF729115EF0008C8AE9 /* HeaderView.swift */; };
		84914FFB29126EB5008C8AE9 /* BannerItem.swift in Sources */ = {isa = PBXBuildFile; fileRef = 84914FFA29126EB5008C8AE9 /* BannerItem.swift */; };
		849150002912F2FF008C8AE9 /* LocationView.swift in Sources */ = {isa = PBXBuildFile; fileRef = 84914FFF2912F2FF008C8AE9 /* LocationView.swift */; };
		849150032913ED20008C8AE9 /* CategoryModel.swift in Sources */ = {isa = PBXBuildFile; fileRef = 849150022913ED20008C8AE9 /* CategoryModel.swift */; };
		8491500529141D8F008C8AE9 /* HotSalesModel.swift in Sources */ = {isa = PBXBuildFile; fileRef = 8491500429141D8F008C8AE9 /* HotSalesModel.swift */; };
		8491500729141E8C008C8AE9 /* BestSellerModel.swift in Sources */ = {isa = PBXBuildFile; fileRef = 8491500629141E8C008C8AE9 /* BestSellerModel.swift */; };
		8491500C29153FC2008C8AE9 /* Agent.swift in Sources */ = {isa = PBXBuildFile; fileRef = 8491500B29153FC2008C8AE9 /* Agent.swift */; };
		8491500E29153FCA008C8AE9 /* API.swift in Sources */ = {isa = PBXBuildFile; fileRef = 8491500D29153FCA008C8AE9 /* API.swift */; };
		8491501029153FD7008C8AE9 /* StoreContent.swift in Sources */ = {isa = PBXBuildFile; fileRef = 8491500F29153FD7008C8AE9 /* StoreContent.swift */; };
		849150132915487F008C8AE9 /* Kingfisher in Frameworks */ = {isa = PBXBuildFile; productRef = 849150122915487F008C8AE9 /* Kingfisher */; };
		84915020291950DE008C8AE9 /* Colors.xcassets in Resources */ = {isa = PBXBuildFile; fileRef = 8491501F291950DE008C8AE9 /* Colors.xcassets */; };
		8491502229195450008C8AE9 /* TabBarIcon.swift in Sources */ = {isa = PBXBuildFile; fileRef = 8491502129195450008C8AE9 /* TabBarIcon.swift */; };
		849150252919602C008C8AE9 /* UIScreen+Extensions.swift in Sources */ = {isa = PBXBuildFile; fileRef = 849150242919602C008C8AE9 /* UIScreen+Extensions.swift */; };
		8491502E291A6BCC008C8AE9 /* MarkPro-Medium.ttf in Resources */ = {isa = PBXBuildFile; fileRef = 8491502B291A6BCC008C8AE9 /* MarkPro-Medium.ttf */; };
		8491502F291A6BCC008C8AE9 /* Mark-Pro-Bold.ttf in Resources */ = {isa = PBXBuildFile; fileRef = 8491502C291A6BCC008C8AE9 /* Mark-Pro-Bold.ttf */; };
		84915030291A6BCC008C8AE9 /* Mark-Pro.ttf in Resources */ = {isa = PBXBuildFile; fileRef = 8491502D291A6BCC008C8AE9 /* Mark-Pro.ttf */; };
		8491503B291A6BF0008C8AE9 /* SFPRODISPLAYREGULAR.OTF in Resources */ = {isa = PBXBuildFile; fileRef = 84915032291A6BF0008C8AE9 /* SFPRODISPLAYREGULAR.OTF */; };
		8491503C291A6BF0008C8AE9 /* SFPRODISPLAYTHINITALIC.OTF in Resources */ = {isa = PBXBuildFile; fileRef = 84915033291A6BF0008C8AE9 /* SFPRODISPLAYTHINITALIC.OTF */; };
		8491503D291A6BF0008C8AE9 /* SFPRODISPLAYHEAVYITALIC.OTF in Resources */ = {isa = PBXBuildFile; fileRef = 84915034291A6BF0008C8AE9 /* SFPRODISPLAYHEAVYITALIC.OTF */; };
		8491503E291A6BF0008C8AE9 /* SFPRODISPLAYMEDIUM.OTF in Resources */ = {isa = PBXBuildFile; fileRef = 84915035291A6BF0008C8AE9 /* SFPRODISPLAYMEDIUM.OTF */; };
		8491503F291A6BF0008C8AE9 /* SFPRODISPLAYSEMIBOLDITALIC.OTF in Resources */ = {isa = PBXBuildFile; fileRef = 84915036291A6BF0008C8AE9 /* SFPRODISPLAYSEMIBOLDITALIC.OTF */; };
		84915040291A6BF0008C8AE9 /* SFPRODISPLAYULTRALIGHTITALIC.OTF in Resources */ = {isa = PBXBuildFile; fileRef = 84915037291A6BF0008C8AE9 /* SFPRODISPLAYULTRALIGHTITALIC.OTF */; };
		84915041291A6BF0008C8AE9 /* SFPRODISPLAYBLACKITALIC.OTF in Resources */ = {isa = PBXBuildFile; fileRef = 84915038291A6BF0008C8AE9 /* SFPRODISPLAYBLACKITALIC.OTF */; };
		84915042291A6BF0008C8AE9 /* SFPRODISPLAYBOLD.OTF in Resources */ = {isa = PBXBuildFile; fileRef = 84915039291A6BF0008C8AE9 /* SFPRODISPLAYBOLD.OTF */; };
		84915043291A6BF0008C8AE9 /* SFPRODISPLAYLIGHTITALIC.OTF in Resources */ = {isa = PBXBuildFile; fileRef = 8491503A291A6BF0008C8AE9 /* SFPRODISPLAYLIGHTITALIC.OTF */; };
		84915045291A7783008C8AE9 /* ViewRouter.swift in Sources */ = {isa = PBXBuildFile; fileRef = 84915044291A7783008C8AE9 /* ViewRouter.swift */; };
		84915049291A7FFA008C8AE9 /* ExplorerView.swift in Sources */ = {isa = PBXBuildFile; fileRef = 84915048291A7FFA008C8AE9 /* ExplorerView.swift */; };
		8491504C291BF1F6008C8AE9 /* DetailsView.swift in Sources */ = {isa = PBXBuildFile; fileRef = 8491504B291BF1F6008C8AE9 /* DetailsView.swift */; };
		8491504E291BF256008C8AE9 /* ProductDetailsView.swift in Sources */ = {isa = PBXBuildFile; fileRef = 8491504D291BF256008C8AE9 /* ProductDetailsView.swift */; };
		84915051291BF29F008C8AE9 /* StarsView.swift in Sources */ = {isa = PBXBuildFile; fileRef = 84915050291BF29F008C8AE9 /* StarsView.swift */; };
		84915053291BF352008C8AE9 /* Star.swift in Sources */ = {isa = PBXBuildFile; fileRef = 84915052291BF352008C8AE9 /* Star.swift */; };
		84915055291BF6A1008C8AE9 /* InfoIcon.swift in Sources */ = {isa = PBXBuildFile; fileRef = 84915054291BF6A1008C8AE9 /* InfoIcon.swift */; };
		8491505A291D2D93008C8AE9 /* Carousel.swift in Sources */ = {isa = PBXBuildFile; fileRef = 84915059291D2D93008C8AE9 /* Carousel.swift */; };
		8491505D291E5ACB008C8AE9 /* NavigationHeader.swift in Sources */ = {isa = PBXBuildFile; fileRef = 8491505C291E5ACB008C8AE9 /* NavigationHeader.swift */; };
		84915061291E869E008C8AE9 /* swiftgen.yml in Resources */ = {isa = PBXBuildFile; fileRef = 84915060291E869E008C8AE9 /* swiftgen.yml */; };
		84915065291E8A2E008C8AE9 /* XCAssets+Generated.swift in Sources */ = {isa = PBXBuildFile; fileRef = 84915064291E8A2E008C8AE9 /* XCAssets+Generated.swift */; };
		84915069291F896A008C8AE9 /* Localizable.strings in Resources */ = {isa = PBXBuildFile; fileRef = 84915067291F896A008C8AE9 /* Localizable.strings */; };
		84A40CBE292268AC00D429D7 /* Strings+Generated.swift in Sources */ = {isa = PBXBuildFile; fileRef = 84A40CBD292268AC00D429D7 /* Strings+Generated.swift */; };
		84A40CC029226D4600D429D7 /* Fonts+Generated.swift in Sources */ = {isa = PBXBuildFile; fileRef = 84A40CBF29226D4600D429D7 /* Fonts+Generated.swift */; };
		84A40CC32922701D00D429D7 /* View+Extensions.swift in Sources */ = {isa = PBXBuildFile; fileRef = 84A40CC22922701D00D429D7 /* View+Extensions.swift */; };
		84A40CC8292285E800D429D7 /* DetailsHeader.swift in Sources */ = {isa = PBXBuildFile; fileRef = 84A40CC7292285E800D429D7 /* DetailsHeader.swift */; };
		84A40CCA2923D8E700D429D7 /* ProductDetails.swift in Sources */ = {isa = PBXBuildFile; fileRef = 84A40CC92923D8E700D429D7 /* ProductDetails.swift */; };
		B80734DC8F8D4AC221ABD427 /* Pods_MarketTest.framework in Frameworks */ = {isa = PBXBuildFile; fileRef = 3A314AB2D6D924EE175EAFF1 /* Pods_MarketTest.framework */; };
/* End PBXBuildFile section */

/* Begin PBXFileReference section */
		3A314AB2D6D924EE175EAFF1 /* Pods_MarketTest.framework */ = {isa = PBXFileReference; explicitFileType = wrapper.framework; includeInIndex = 0; path = Pods_MarketTest.framework; sourceTree = BUILT_PRODUCTS_DIR; };
		528DF1D3965FB618C681D387 /* Pods-MarketTest.debug.xcconfig */ = {isa = PBXFileReference; includeInIndex = 1; lastKnownFileType = text.xcconfig; name = "Pods-MarketTest.debug.xcconfig"; path = "Target Support Files/Pods-MarketTest/Pods-MarketTest.debug.xcconfig"; sourceTree = "<group>"; };
		84914FCA29100719008C8AE9 /* MarketTest.app */ = {isa = PBXFileReference; explicitFileType = wrapper.application; includeInIndex = 0; path = MarketTest.app; sourceTree = BUILT_PRODUCTS_DIR; };
		84914FCD29100719008C8AE9 /* MarketTestApp.swift */ = {isa = PBXFileReference; lastKnownFileType = sourcecode.swift; path = MarketTestApp.swift; sourceTree = "<group>"; };
		84914FCF29100719008C8AE9 /* CatalogView.swift */ = {isa = PBXFileReference; lastKnownFileType = sourcecode.swift; path = CatalogView.swift; sourceTree = "<group>"; };
		84914FD12910071B008C8AE9 /* Assets.xcassets */ = {isa = PBXFileReference; lastKnownFileType = folder.assetcatalog; path = Assets.xcassets; sourceTree = "<group>"; };
		84914FD42910071B008C8AE9 /* Preview Assets.xcassets */ = {isa = PBXFileReference; lastKnownFileType = folder.assetcatalog; path = "Preview Assets.xcassets"; sourceTree = "<group>"; };
		84914FE629101C63008C8AE9 /* CategoryView.swift */ = {isa = PBXFileReference; lastKnownFileType = sourcecode.swift; path = CategoryView.swift; sourceTree = "<group>"; };
		84914FE929101DCD008C8AE9 /* CategoryItemView.swift */ = {isa = PBXFileReference; lastKnownFileType = sourcecode.swift; path = CategoryItemView.swift; sourceTree = "<group>"; };
		84914FEC29101E41008C8AE9 /* ProductView.swift */ = {isa = PBXFileReference; lastKnownFileType = sourcecode.swift; path = ProductView.swift; sourceTree = "<group>"; };
		84914FEE29101F8D008C8AE9 /* ProductItemView.swift */ = {isa = PBXFileReference; lastKnownFileType = sourcecode.swift; path = ProductItemView.swift; sourceTree = "<group>"; };
		84914FF329115A2E008C8AE9 /* BannerView.swift */ = {isa = PBXFileReference; lastKnownFileType = sourcecode.swift; path = BannerView.swift; sourceTree = "<group>"; };
		84914FF529115CD1008C8AE9 /* SearchBarView.swift */ = {isa = PBXFileReference; lastKnownFileType = sourcecode.swift; path = SearchBarView.swift; sourceTree = "<group>"; };
		84914FF729115EF0008C8AE9 /* HeaderView.swift */ = {isa = PBXFileReference; lastKnownFileType = sourcecode.swift; path = HeaderView.swift; sourceTree = "<group>"; };
		84914FFA29126EB5008C8AE9 /* BannerItem.swift */ = {isa = PBXFileReference; lastKnownFileType = sourcecode.swift; path = BannerItem.swift; sourceTree = "<group>"; };
		84914FFF2912F2FF008C8AE9 /* LocationView.swift */ = {isa = PBXFileReference; lastKnownFileType = sourcecode.swift; path = LocationView.swift; sourceTree = "<group>"; };
		849150022913ED20008C8AE9 /* CategoryModel.swift */ = {isa = PBXFileReference; lastKnownFileType = sourcecode.swift; path = CategoryModel.swift; sourceTree = "<group>"; };
		8491500429141D8F008C8AE9 /* HotSalesModel.swift */ = {isa = PBXFileReference; lastKnownFileType = sourcecode.swift; path = HotSalesModel.swift; sourceTree = "<group>"; };
		8491500629141E8C008C8AE9 /* BestSellerModel.swift */ = {isa = PBXFileReference; lastKnownFileType = sourcecode.swift; path = BestSellerModel.swift; sourceTree = "<group>"; };
		8491500B29153FC2008C8AE9 /* Agent.swift */ = {isa = PBXFileReference; lastKnownFileType = sourcecode.swift; path = Agent.swift; sourceTree = "<group>"; };
		8491500D29153FCA008C8AE9 /* API.swift */ = {isa = PBXFileReference; lastKnownFileType = sourcecode.swift; path = API.swift; sourceTree = "<group>"; };
		8491500F29153FD7008C8AE9 /* StoreContent.swift */ = {isa = PBXFileReference; lastKnownFileType = sourcecode.swift; path = StoreContent.swift; sourceTree = "<group>"; };
		8491501F291950DE008C8AE9 /* Colors.xcassets */ = {isa = PBXFileReference; lastKnownFileType = folder.assetcatalog; path = Colors.xcassets; sourceTree = "<group>"; };
		8491502129195450008C8AE9 /* TabBarIcon.swift */ = {isa = PBXFileReference; lastKnownFileType = sourcecode.swift; path = TabBarIcon.swift; sourceTree = "<group>"; };
		849150242919602C008C8AE9 /* UIScreen+Extensions.swift */ = {isa = PBXFileReference; lastKnownFileType = sourcecode.swift; path = "UIScreen+Extensions.swift"; sourceTree = "<group>"; };
		84915028291A68B7008C8AE9 /* Info.plist */ = {isa = PBXFileReference; lastKnownFileType = text.plist; path = Info.plist; sourceTree = "<group>"; };
		8491502B291A6BCC008C8AE9 /* MarkPro-Medium.ttf */ = {isa = PBXFileReference; lastKnownFileType = file; path = "MarkPro-Medium.ttf"; sourceTree = "<group>"; };
		8491502C291A6BCC008C8AE9 /* Mark-Pro-Bold.ttf */ = {isa = PBXFileReference; lastKnownFileType = file; path = "Mark-Pro-Bold.ttf"; sourceTree = "<group>"; };
		8491502D291A6BCC008C8AE9 /* Mark-Pro.ttf */ = {isa = PBXFileReference; lastKnownFileType = file; path = "Mark-Pro.ttf"; sourceTree = "<group>"; };
		84915032291A6BF0008C8AE9 /* SFPRODISPLAYREGULAR.OTF */ = {isa = PBXFileReference; lastKnownFileType = file; path = SFPRODISPLAYREGULAR.OTF; sourceTree = "<group>"; };
		84915033291A6BF0008C8AE9 /* SFPRODISPLAYTHINITALIC.OTF */ = {isa = PBXFileReference; lastKnownFileType = file; path = SFPRODISPLAYTHINITALIC.OTF; sourceTree = "<group>"; };
		84915034291A6BF0008C8AE9 /* SFPRODISPLAYHEAVYITALIC.OTF */ = {isa = PBXFileReference; lastKnownFileType = file; path = SFPRODISPLAYHEAVYITALIC.OTF; sourceTree = "<group>"; };
		84915035291A6BF0008C8AE9 /* SFPRODISPLAYMEDIUM.OTF */ = {isa = PBXFileReference; lastKnownFileType = file; path = SFPRODISPLAYMEDIUM.OTF; sourceTree = "<group>"; };
		84915036291A6BF0008C8AE9 /* SFPRODISPLAYSEMIBOLDITALIC.OTF */ = {isa = PBXFileReference; lastKnownFileType = file; path = SFPRODISPLAYSEMIBOLDITALIC.OTF; sourceTree = "<group>"; };
		84915037291A6BF0008C8AE9 /* SFPRODISPLAYULTRALIGHTITALIC.OTF */ = {isa = PBXFileReference; lastKnownFileType = file; path = SFPRODISPLAYULTRALIGHTITALIC.OTF; sourceTree = "<group>"; };
		84915038291A6BF0008C8AE9 /* SFPRODISPLAYBLACKITALIC.OTF */ = {isa = PBXFileReference; lastKnownFileType = file; path = SFPRODISPLAYBLACKITALIC.OTF; sourceTree = "<group>"; };
		84915039291A6BF0008C8AE9 /* SFPRODISPLAYBOLD.OTF */ = {isa = PBXFileReference; lastKnownFileType = file; path = SFPRODISPLAYBOLD.OTF; sourceTree = "<group>"; };
		8491503A291A6BF0008C8AE9 /* SFPRODISPLAYLIGHTITALIC.OTF */ = {isa = PBXFileReference; lastKnownFileType = file; path = SFPRODISPLAYLIGHTITALIC.OTF; sourceTree = "<group>"; };
		84915044291A7783008C8AE9 /* ViewRouter.swift */ = {isa = PBXFileReference; lastKnownFileType = sourcecode.swift; path = ViewRouter.swift; sourceTree = "<group>"; };
		84915048291A7FFA008C8AE9 /* ExplorerView.swift */ = {isa = PBXFileReference; lastKnownFileType = sourcecode.swift; path = ExplorerView.swift; sourceTree = "<group>"; };
		8491504B291BF1F6008C8AE9 /* DetailsView.swift */ = {isa = PBXFileReference; lastKnownFileType = sourcecode.swift; path = DetailsView.swift; sourceTree = "<group>"; };
		8491504D291BF256008C8AE9 /* ProductDetailsView.swift */ = {isa = PBXFileReference; lastKnownFileType = sourcecode.swift; path = ProductDetailsView.swift; sourceTree = "<group>"; };
		84915050291BF29F008C8AE9 /* StarsView.swift */ = {isa = PBXFileReference; lastKnownFileType = sourcecode.swift; path = StarsView.swift; sourceTree = "<group>"; };
		84915052291BF352008C8AE9 /* Star.swift */ = {isa = PBXFileReference; lastKnownFileType = sourcecode.swift; path = Star.swift; sourceTree = "<group>"; };
		84915054291BF6A1008C8AE9 /* InfoIcon.swift */ = {isa = PBXFileReference; lastKnownFileType = sourcecode.swift; path = InfoIcon.swift; sourceTree = "<group>"; };
		84915059291D2D93008C8AE9 /* Carousel.swift */ = {isa = PBXFileReference; lastKnownFileType = sourcecode.swift; path = Carousel.swift; sourceTree = "<group>"; };
		8491505C291E5ACB008C8AE9 /* NavigationHeader.swift */ = {isa = PBXFileReference; lastKnownFileType = sourcecode.swift; path = NavigationHeader.swift; sourceTree = "<group>"; };
		84915060291E869E008C8AE9 /* swiftgen.yml */ = {isa = PBXFileReference; fileEncoding = 4; lastKnownFileType = text.yaml; path = swiftgen.yml; sourceTree = "<group>"; };
		84915064291E8A2E008C8AE9 /* XCAssets+Generated.swift */ = {isa = PBXFileReference; fileEncoding = 4; lastKnownFileType = sourcecode.swift; path = "XCAssets+Generated.swift"; sourceTree = "<group>"; };
		84915068291F896A008C8AE9 /* en */ = {isa = PBXFileReference; lastKnownFileType = text.plist.strings; name = en; path = Localizable.strings; sourceTree = "<group>"; };
		84A40CBD292268AC00D429D7 /* Strings+Generated.swift */ = {isa = PBXFileReference; fileEncoding = 4; lastKnownFileType = sourcecode.swift; path = "Strings+Generated.swift"; sourceTree = "<group>"; };
		84A40CBF29226D4600D429D7 /* Fonts+Generated.swift */ = {isa = PBXFileReference; fileEncoding = 4; lastKnownFileType = sourcecode.swift; path = "Fonts+Generated.swift"; sourceTree = "<group>"; };
		84A40CC22922701D00D429D7 /* View+Extensions.swift */ = {isa = PBXFileReference; lastKnownFileType = sourcecode.swift; path = "View+Extensions.swift"; sourceTree = "<group>"; };
		84A40CC7292285E800D429D7 /* DetailsHeader.swift */ = {isa = PBXFileReference; fileEncoding = 4; lastKnownFileType = sourcecode.swift; path = DetailsHeader.swift; sourceTree = "<group>"; };
		84A40CC92923D8E700D429D7 /* ProductDetails.swift */ = {isa = PBXFileReference; lastKnownFileType = sourcecode.swift; path = ProductDetails.swift; sourceTree = "<group>"; };
		9B1C01240B4F89809A065CD3 /* Pods-MarketTest.release.xcconfig */ = {isa = PBXFileReference; includeInIndex = 1; lastKnownFileType = text.xcconfig; name = "Pods-MarketTest.release.xcconfig"; path = "Target Support Files/Pods-MarketTest/Pods-MarketTest.release.xcconfig"; sourceTree = "<group>"; };
/* End PBXFileReference section */

/* Begin PBXFrameworksBuildPhase section */
		84914FC729100718008C8AE9 /* Frameworks */ = {
			isa = PBXFrameworksBuildPhase;
			buildActionMask = 2147483647;
			files = (
				849150132915487F008C8AE9 /* Kingfisher in Frameworks */,
				B80734DC8F8D4AC221ABD427 /* Pods_MarketTest.framework in Frameworks */,
			);
			runOnlyForDeploymentPostprocessing = 0;
		};
/* End PBXFrameworksBuildPhase section */

/* Begin PBXGroup section */
		73C7C943D75FEF6974C4567D /* Frameworks */ = {
			isa = PBXGroup;
			children = (
				3A314AB2D6D924EE175EAFF1 /* Pods_MarketTest.framework */,
			);
			name = Frameworks;
			sourceTree = "<group>";
		};
		84914FC129100718008C8AE9 = {
			isa = PBXGroup;
			children = (
				84915060291E869E008C8AE9 /* swiftgen.yml */,
				84914FCC29100719008C8AE9 /* MarketTest */,
				84914FCB29100719008C8AE9 /* Products */,
				9DE426C53D2C939390F8775B /* Pods */,
				73C7C943D75FEF6974C4567D /* Frameworks */,
			);
			sourceTree = "<group>";
		};
		84914FCB29100719008C8AE9 /* Products */ = {
			isa = PBXGroup;
			children = (
				84914FCA29100719008C8AE9 /* MarketTest.app */,
			);
			name = Products;
			sourceTree = "<group>";
		};
		84914FCC29100719008C8AE9 /* MarketTest */ = {
			isa = PBXGroup;
			children = (
				84915028291A68B7008C8AE9 /* Info.plist */,
				84915063291E8857008C8AE9 /* Generated */,
				84914FDB291011F9008C8AE9 /* Application */,
				84914FDC29101202008C8AE9 /* Library */,
				84914FDD29101207008C8AE9 /* Configuration */,
				84914FDE29101210008C8AE9 /* Resources */,
			);
			path = MarketTest;
			sourceTree = "<group>";
		};
		84914FD32910071B008C8AE9 /* Preview Content */ = {
			isa = PBXGroup;
			children = (
				84914FD42910071B008C8AE9 /* Preview Assets.xcassets */,
			);
			path = "Preview Content";
			sourceTree = "<group>";
		};
		84914FDB291011F9008C8AE9 /* Application */ = {
			isa = PBXGroup;
			children = (
				84914FDF29101517008C8AE9 /* UI */,
				84914FE02910151B008C8AE9 /* Model */,
				84914FE129101544008C8AE9 /* AppDelegate */,
				84915044291A7783008C8AE9 /* ViewRouter.swift */,
			);
			path = Application;
			sourceTree = "<group>";
		};
		84914FDC29101202008C8AE9 /* Library */ = {
			isa = PBXGroup;
			children = (
				8491502329196018008C8AE9 /* UIKit */,
				8491501E291930B5008C8AE9 /* SwiftUI */,
			);
			path = Library;
			sourceTree = "<group>";
		};
		84914FDD29101207008C8AE9 /* Configuration */ = {
			isa = PBXGroup;
			children = (
			);
			path = Configuration;
			sourceTree = "<group>";
		};
		84914FDE29101210008C8AE9 /* Resources */ = {
			isa = PBXGroup;
			children = (
				84915066291E8B9F008C8AE9 /* en.lproj */,
				84915029291A6BB7008C8AE9 /* Fonts */,
				84914FD12910071B008C8AE9 /* Assets.xcassets */,
				8491501F291950DE008C8AE9 /* Colors.xcassets */,
				84914FD32910071B008C8AE9 /* Preview Content */,
			);
			path = Resources;
			sourceTree = "<group>";
		};
		84914FDF29101517008C8AE9 /* UI */ = {
			isa = PBXGroup;
			children = (
				84914FE22910157C008C8AE9 /* Screens */,
				84914FE329101583008C8AE9 /* Elements */,
			);
			path = UI;
			sourceTree = "<group>";
		};
		84914FE02910151B008C8AE9 /* Model */ = {
			isa = PBXGroup;
			children = (
				8491500829142169008C8AE9 /* API */,
			);
			path = Model;
			sourceTree = "<group>";
		};
		84914FE129101544008C8AE9 /* AppDelegate */ = {
			isa = PBXGroup;
			children = (
				84914FCD29100719008C8AE9 /* MarketTestApp.swift */,
				8491502129195450008C8AE9 /* TabBarIcon.swift */,
			);
			path = AppDelegate;
			sourceTree = "<group>";
		};
		84914FE22910157C008C8AE9 /* Screens */ = {
			isa = PBXGroup;
			children = (
				8491504A291BD121008C8AE9 /* Details */,
				84914FE4291015BA008C8AE9 /* Catalog */,
			);
			path = Screens;
			sourceTree = "<group>";
		};
		84914FE329101583008C8AE9 /* Elements */ = {
			isa = PBXGroup;
			children = (
				84A40CC4292282E100D429D7 /* Navigation */,
			);
			path = Elements;
			sourceTree = "<group>";
		};
		84914FE4291015BA008C8AE9 /* Catalog */ = {
			isa = PBXGroup;
			children = (
				84914FE5291015D2008C8AE9 /* View */,
				849150012913ED0E008C8AE9 /* Model */,
			);
			path = Catalog;
			sourceTree = "<group>";
		};
		84914FE5291015D2008C8AE9 /* View */ = {
			isa = PBXGroup;
			children = (
				84914FCF29100719008C8AE9 /* CatalogView.swift */,
				84914FFC2912E4DB008C8AE9 /* Location */,
				84914FE829101DC1008C8AE9 /* Category */,
				84914FF92912667C008C8AE9 /* Search bar */,
				84914FF0291159CB008C8AE9 /* Banners */,
				84914FEB29101E26008C8AE9 /* Products */,
				84914FF729115EF0008C8AE9 /* HeaderView.swift */,
				84915048291A7FFA008C8AE9 /* ExplorerView.swift */,
			);
			path = View;
			sourceTree = "<group>";
		};
		84914FE829101DC1008C8AE9 /* Category */ = {
			isa = PBXGroup;
			children = (
				84914FE629101C63008C8AE9 /* CategoryView.swift */,
				84914FE929101DCD008C8AE9 /* CategoryItemView.swift */,
			);
			path = Category;
			sourceTree = "<group>";
		};
		84914FEB29101E26008C8AE9 /* Products */ = {
			isa = PBXGroup;
			children = (
				84914FEC29101E41008C8AE9 /* ProductView.swift */,
				84914FEE29101F8D008C8AE9 /* ProductItemView.swift */,
			);
			path = Products;
			sourceTree = "<group>";
		};
		84914FF0291159CB008C8AE9 /* Banners */ = {
			isa = PBXGroup;
			children = (
				84914FF329115A2E008C8AE9 /* BannerView.swift */,
				84914FFA29126EB5008C8AE9 /* BannerItem.swift */,
			);
			path = Banners;
			sourceTree = "<group>";
		};
		84914FF92912667C008C8AE9 /* Search bar */ = {
			isa = PBXGroup;
			children = (
				84914FF529115CD1008C8AE9 /* SearchBarView.swift */,
			);
			path = "Search bar";
			sourceTree = "<group>";
		};
		84914FFC2912E4DB008C8AE9 /* Location */ = {
			isa = PBXGroup;
			children = (
				84914FFF2912F2FF008C8AE9 /* LocationView.swift */,
			);
			path = Location;
			sourceTree = "<group>";
		};
		849150012913ED0E008C8AE9 /* Model */ = {
			isa = PBXGroup;
			children = (
				849150022913ED20008C8AE9 /* CategoryModel.swift */,
				8491500429141D8F008C8AE9 /* HotSalesModel.swift */,
				8491500629141E8C008C8AE9 /* BestSellerModel.swift */,
			);
			path = Model;
			sourceTree = "<group>";
		};
		8491500829142169008C8AE9 /* API */ = {
			isa = PBXGroup;
			children = (
				8491500929142173008C8AE9 /* Core */,
				8491500A2914217A008C8AE9 /* Endpoint */,
			);
			path = API;
			sourceTree = "<group>";
		};
		8491500929142173008C8AE9 /* Core */ = {
			isa = PBXGroup;
			children = (
				8491500B29153FC2008C8AE9 /* Agent.swift */,
				8491500D29153FCA008C8AE9 /* API.swift */,
			);
			path = Core;
			sourceTree = "<group>";
		};
		8491500A2914217A008C8AE9 /* Endpoint */ = {
			isa = PBXGroup;
			children = (
				8491500F29153FD7008C8AE9 /* StoreContent.swift */,
				84A40CC92923D8E700D429D7 /* ProductDetails.swift */,
			);
			path = Endpoint;
			sourceTree = "<group>";
		};
		8491501E291930B5008C8AE9 /* SwiftUI */ = {
			isa = PBXGroup;
			children = (
				84A40CC12922701000D429D7 /* View */,
				84915058291D2D7E008C8AE9 /* Carousel */,
				8491504F291BF28E008C8AE9 /* Stars */,
			);
			path = SwiftUI;
			sourceTree = "<group>";
		};
		8491502329196018008C8AE9 /* UIKit */ = {
			isa = PBXGroup;
			children = (
				849150242919602C008C8AE9 /* UIScreen+Extensions.swift */,
			);
			path = UIKit;
			sourceTree = "<group>";
		};
		84915029291A6BB7008C8AE9 /* Fonts */ = {
			isa = PBXGroup;
			children = (
				8491502A291A6BBD008C8AE9 /* Mark-Pro */,
				84915031291A6BE0008C8AE9 /* SF-Pro-Display */,
			);
			path = Fonts;
			sourceTree = "<group>";
		};
		8491502A291A6BBD008C8AE9 /* Mark-Pro */ = {
			isa = PBXGroup;
			children = (
				8491502C291A6BCC008C8AE9 /* Mark-Pro-Bold.ttf */,
				8491502D291A6BCC008C8AE9 /* Mark-Pro.ttf */,
				8491502B291A6BCC008C8AE9 /* MarkPro-Medium.ttf */,
			);
			path = "Mark-Pro";
			sourceTree = "<group>";
		};
		84915031291A6BE0008C8AE9 /* SF-Pro-Display */ = {
			isa = PBXGroup;
			children = (
				84915038291A6BF0008C8AE9 /* SFPRODISPLAYBLACKITALIC.OTF */,
				84915039291A6BF0008C8AE9 /* SFPRODISPLAYBOLD.OTF */,
				84915034291A6BF0008C8AE9 /* SFPRODISPLAYHEAVYITALIC.OTF */,
				8491503A291A6BF0008C8AE9 /* SFPRODISPLAYLIGHTITALIC.OTF */,
				84915035291A6BF0008C8AE9 /* SFPRODISPLAYMEDIUM.OTF */,
				84915032291A6BF0008C8AE9 /* SFPRODISPLAYREGULAR.OTF */,
				84915036291A6BF0008C8AE9 /* SFPRODISPLAYSEMIBOLDITALIC.OTF */,
				84915033291A6BF0008C8AE9 /* SFPRODISPLAYTHINITALIC.OTF */,
				84915037291A6BF0008C8AE9 /* SFPRODISPLAYULTRALIGHTITALIC.OTF */,
			);
			path = "SF-Pro-Display";
			sourceTree = "<group>";
		};
		8491504A291BD121008C8AE9 /* Details */ = {
			isa = PBXGroup;
			children = (
				8491504B291BF1F6008C8AE9 /* DetailsView.swift */,
				8491504D291BF256008C8AE9 /* ProductDetailsView.swift */,
				84915054291BF6A1008C8AE9 /* InfoIcon.swift */,
				84A40CC7292285E800D429D7 /* DetailsHeader.swift */,
			);
			path = Details;
			sourceTree = "<group>";
		};
		8491504F291BF28E008C8AE9 /* Stars */ = {
			isa = PBXGroup;
			children = (
				84915050291BF29F008C8AE9 /* StarsView.swift */,
				84915052291BF352008C8AE9 /* Star.swift */,
			);
			path = Stars;
			sourceTree = "<group>";
		};
		84915058291D2D7E008C8AE9 /* Carousel */ = {
			isa = PBXGroup;
			children = (
				84915059291D2D93008C8AE9 /* Carousel.swift */,
			);
			path = Carousel;
			sourceTree = "<group>";
		};
		84915063291E8857008C8AE9 /* Generated */ = {
			isa = PBXGroup;
			children = (
				84A40CBF29226D4600D429D7 /* Fonts+Generated.swift */,
				84A40CBD292268AC00D429D7 /* Strings+Generated.swift */,
				84915064291E8A2E008C8AE9 /* XCAssets+Generated.swift */,
			);
			path = Generated;
			sourceTree = "<group>";
		};
		84915066291E8B9F008C8AE9 /* en.lproj */ = {
			isa = PBXGroup;
			children = (
				84915067291F896A008C8AE9 /* Localizable.strings */,
			);
			path = en.lproj;
			sourceTree = "<group>";
		};
		84A40CC12922701000D429D7 /* View */ = {
			isa = PBXGroup;
			children = (
				84A40CC22922701D00D429D7 /* View+Extensions.swift */,
			);
			path = View;
			sourceTree = "<group>";
		};
		84A40CC4292282E100D429D7 /* Navigation */ = {
			isa = PBXGroup;
			children = (
				8491505C291E5ACB008C8AE9 /* NavigationHeader.swift */,
			);
			path = Navigation;
			sourceTree = "<group>";
		};
		9DE426C53D2C939390F8775B /* Pods */ = {
			isa = PBXGroup;
			children = (
				528DF1D3965FB618C681D387 /* Pods-MarketTest.debug.xcconfig */,
				9B1C01240B4F89809A065CD3 /* Pods-MarketTest.release.xcconfig */,
			);
			path = Pods;
			sourceTree = "<group>";
		};
/* End PBXGroup section */

/* Begin PBXNativeTarget section */
		84914FC929100718008C8AE9 /* MarketTest */ = {
			isa = PBXNativeTarget;
			buildConfigurationList = 84914FD82910071B008C8AE9 /* Build configuration list for PBXNativeTarget "MarketTest" */;
			buildPhases = (
				84216DA0B966F96D449416E3 /* [CP] Check Pods Manifest.lock */,
				84915062291E871D008C8AE9 /* SwiftGen */,
				84914FC629100718008C8AE9 /* Sources */,
				84914FC729100718008C8AE9 /* Frameworks */,
				84914FC829100718008C8AE9 /* Resources */,
			);
			buildRules = (
			);
			dependencies = (
			);
			name = MarketTest;
			packageProductDependencies = (
				849150122915487F008C8AE9 /* Kingfisher */,
			);
			productName = MarketTest;
			productReference = 84914FCA29100719008C8AE9 /* MarketTest.app */;
			productType = "com.apple.product-type.application";
		};
/* End PBXNativeTarget section */

/* Begin PBXProject section */
		84914FC229100718008C8AE9 /* Project object */ = {
			isa = PBXProject;
			attributes = {
				BuildIndependentTargetsInParallel = 1;
				LastSwiftUpdateCheck = 1340;
				LastUpgradeCheck = 1340;
				TargetAttributes = {
					84914FC929100718008C8AE9 = {
						CreatedOnToolsVersion = 13.4.1;
					};
				};
			};
			buildConfigurationList = 84914FC529100718008C8AE9 /* Build configuration list for PBXProject "MarketTest" */;
			compatibilityVersion = "Xcode 13.0";
			developmentRegion = en;
			hasScannedForEncodings = 0;
			knownRegions = (
				en,
				Base,
			);
			mainGroup = 84914FC129100718008C8AE9;
			packageReferences = (
				849150112915487F008C8AE9 /* XCRemoteSwiftPackageReference "Kingfisher" */,
			);
			productRefGroup = 84914FCB29100719008C8AE9 /* Products */;
			projectDirPath = "";
			projectRoot = "";
			targets = (
				84914FC929100718008C8AE9 /* MarketTest */,
			);
		};
/* End PBXProject section */

/* Begin PBXResourcesBuildPhase section */
		84914FC829100718008C8AE9 /* Resources */ = {
			isa = PBXResourcesBuildPhase;
			buildActionMask = 2147483647;
			files = (
				84915069291F896A008C8AE9 /* Localizable.strings in Resources */,
				8491503E291A6BF0008C8AE9 /* SFPRODISPLAYMEDIUM.OTF in Resources */,
				8491503D291A6BF0008C8AE9 /* SFPRODISPLAYHEAVYITALIC.OTF in Resources */,
				84915043291A6BF0008C8AE9 /* SFPRODISPLAYLIGHTITALIC.OTF in Resources */,
				84915061291E869E008C8AE9 /* swiftgen.yml in Resources */,
				84915040291A6BF0008C8AE9 /* SFPRODISPLAYULTRALIGHTITALIC.OTF in Resources */,
				8491503F291A6BF0008C8AE9 /* SFPRODISPLAYSEMIBOLDITALIC.OTF in Resources */,
				8491502F291A6BCC008C8AE9 /* Mark-Pro-Bold.ttf in Resources */,
				8491502E291A6BCC008C8AE9 /* MarkPro-Medium.ttf in Resources */,
				8491503C291A6BF0008C8AE9 /* SFPRODISPLAYTHINITALIC.OTF in Resources */,
				84915041291A6BF0008C8AE9 /* SFPRODISPLAYBLACKITALIC.OTF in Resources */,
				84915020291950DE008C8AE9 /* Colors.xcassets in Resources */,
				8491503B291A6BF0008C8AE9 /* SFPRODISPLAYREGULAR.OTF in Resources */,
				84915030291A6BCC008C8AE9 /* Mark-Pro.ttf in Resources */,
				84914FD52910071B008C8AE9 /* Preview Assets.xcassets in Resources */,
				84915042291A6BF0008C8AE9 /* SFPRODISPLAYBOLD.OTF in Resources */,
				84914FD22910071B008C8AE9 /* Assets.xcassets in Resources */,
			);
			runOnlyForDeploymentPostprocessing = 0;
		};
/* End PBXResourcesBuildPhase section */

/* Begin PBXShellScriptBuildPhase section */
		84216DA0B966F96D449416E3 /* [CP] Check Pods Manifest.lock */ = {
			isa = PBXShellScriptBuildPhase;
			buildActionMask = 2147483647;
			files = (
			);
			inputFileListPaths = (
			);
			inputPaths = (
				"${PODS_PODFILE_DIR_PATH}/Podfile.lock",
				"${PODS_ROOT}/Manifest.lock",
			);
			name = "[CP] Check Pods Manifest.lock";
			outputFileListPaths = (
			);
			outputPaths = (
				"$(DERIVED_FILE_DIR)/Pods-MarketTest-checkManifestLockResult.txt",
			);
			runOnlyForDeploymentPostprocessing = 0;
			shellPath = /bin/sh;
			shellScript = "diff \"${PODS_PODFILE_DIR_PATH}/Podfile.lock\" \"${PODS_ROOT}/Manifest.lock\" > /dev/null\nif [ $? != 0 ] ; then\n    # print error to STDERR\n    echo \"error: The sandbox is not in sync with the Podfile.lock. Run 'pod install' or update your CocoaPods installation.\" >&2\n    exit 1\nfi\n# This output is used by Xcode 'outputs' to avoid re-running this script phase.\necho \"SUCCESS\" > \"${SCRIPT_OUTPUT_FILE_0}\"\n";
			showEnvVarsInLog = 0;
		};
		84915062291E871D008C8AE9 /* SwiftGen */ = {
			isa = PBXShellScriptBuildPhase;
			buildActionMask = 2147483647;
			files = (
			);
			inputFileListPaths = (
			);
			inputPaths = (
			);
			name = SwiftGen;
			outputFileListPaths = (
			);
			outputPaths = (
			);
			runOnlyForDeploymentPostprocessing = 0;
			shellPath = /bin/sh;
			shellScript = "if [[ -f \"${PODS_ROOT}/SwiftGen/bin/swiftgen\" ]]; then\n  \"${PODS_ROOT}/SwiftGen/bin/swiftgen\"\nelse\n  echo \"warning: SwiftGen is not installed. Run 'pod install --repo-update' to install it.\"\nfi \n";
		};
/* End PBXShellScriptBuildPhase section */

/* Begin PBXSourcesBuildPhase section */
		84914FC629100718008C8AE9 /* Sources */ = {
			isa = PBXSourcesBuildPhase;
			buildActionMask = 2147483647;
			files = (
				84914FF429115A2E008C8AE9 /* BannerView.swift in Sources */,
				849150032913ED20008C8AE9 /* CategoryModel.swift in Sources */,
				8491501029153FD7008C8AE9 /* StoreContent.swift in Sources */,
				84914FF829115EF0008C8AE9 /* HeaderView.swift in Sources */,
				84914FED29101E41008C8AE9 /* ProductView.swift in Sources */,
				84914FD029100719008C8AE9 /* CatalogView.swift in Sources */,
				8491504E291BF256008C8AE9 /* ProductDetailsView.swift in Sources */,
				84914FFB29126EB5008C8AE9 /* BannerItem.swift in Sources */,
				84A40CBE292268AC00D429D7 /* Strings+Generated.swift in Sources */,
				8491500C29153FC2008C8AE9 /* Agent.swift in Sources */,
				84914FEA29101DCD008C8AE9 /* CategoryItemView.swift in Sources */,
				8491505A291D2D93008C8AE9 /* Carousel.swift in Sources */,
				84A40CC32922701D00D429D7 /* View+Extensions.swift in Sources */,
				84915055291BF6A1008C8AE9 /* InfoIcon.swift in Sources */,
				84915051291BF29F008C8AE9 /* StarsView.swift in Sources */,
				84A40CC8292285E800D429D7 /* DetailsHeader.swift in Sources */,
				849150002912F2FF008C8AE9 /* LocationView.swift in Sources */,
				84915065291E8A2E008C8AE9 /* XCAssets+Generated.swift in Sources */,
				8491500529141D8F008C8AE9 /* HotSalesModel.swift in Sources */,
				8491505D291E5ACB008C8AE9 /* NavigationHeader.swift in Sources */,
				84915049291A7FFA008C8AE9 /* ExplorerView.swift in Sources */,
				84A40CC029226D4600D429D7 /* Fonts+Generated.swift in Sources */,
				84914FF629115CD1008C8AE9 /* SearchBarView.swift in Sources */,
				8491502229195450008C8AE9 /* TabBarIcon.swift in Sources */,
				84914FEF29101F8D008C8AE9 /* ProductItemView.swift in Sources */,
				849150252919602C008C8AE9 /* UIScreen+Extensions.swift in Sources */,
				84A40CCA2923D8E700D429D7 /* ProductDetails.swift in Sources */,
				84915045291A7783008C8AE9 /* ViewRouter.swift in Sources */,
				8491504C291BF1F6008C8AE9 /* DetailsView.swift in Sources */,
				84914FCE29100719008C8AE9 /* MarketTestApp.swift in Sources */,
				8491500729141E8C008C8AE9 /* BestSellerModel.swift in Sources */,
				8491500E29153FCA008C8AE9 /* API.swift in Sources */,
				84915053291BF352008C8AE9 /* Star.swift in Sources */,
				84914FE729101C63008C8AE9 /* CategoryView.swift in Sources */,
			);
			runOnlyForDeploymentPostprocessing = 0;
		};
/* End PBXSourcesBuildPhase section */

/* Begin PBXVariantGroup section */
		84915067291F896A008C8AE9 /* Localizable.strings */ = {
			isa = PBXVariantGroup;
			children = (
				84915068291F896A008C8AE9 /* en */,
			);
			name = Localizable.strings;
			sourceTree = "<group>";
		};
/* End PBXVariantGroup section */

/* Begin XCBuildConfiguration section */
		84914FD62910071B008C8AE9 /* Debug */ = {
			isa = XCBuildConfiguration;
			buildSettings = {
				ALWAYS_SEARCH_USER_PATHS = NO;
				CLANG_ANALYZER_NONNULL = YES;
				CLANG_ANALYZER_NUMBER_OBJECT_CONVERSION = YES_AGGRESSIVE;
				CLANG_CXX_LANGUAGE_STANDARD = "gnu++17";
				CLANG_ENABLE_MODULES = YES;
				CLANG_ENABLE_OBJC_ARC = YES;
				CLANG_ENABLE_OBJC_WEAK = YES;
				CLANG_WARN_BLOCK_CAPTURE_AUTORELEASING = YES;
				CLANG_WARN_BOOL_CONVERSION = YES;
				CLANG_WARN_COMMA = YES;
				CLANG_WARN_CONSTANT_CONVERSION = YES;
				CLANG_WARN_DEPRECATED_OBJC_IMPLEMENTATIONS = YES;
				CLANG_WARN_DIRECT_OBJC_ISA_USAGE = YES_ERROR;
				CLANG_WARN_DOCUMENTATION_COMMENTS = YES;
				CLANG_WARN_EMPTY_BODY = YES;
				CLANG_WARN_ENUM_CONVERSION = YES;
				CLANG_WARN_INFINITE_RECURSION = YES;
				CLANG_WARN_INT_CONVERSION = YES;
				CLANG_WARN_NON_LITERAL_NULL_CONVERSION = YES;
				CLANG_WARN_OBJC_IMPLICIT_RETAIN_SELF = YES;
				CLANG_WARN_OBJC_LITERAL_CONVERSION = YES;
				CLANG_WARN_OBJC_ROOT_CLASS = YES_ERROR;
				CLANG_WARN_QUOTED_INCLUDE_IN_FRAMEWORK_HEADER = YES;
				CLANG_WARN_RANGE_LOOP_ANALYSIS = YES;
				CLANG_WARN_STRICT_PROTOTYPES = YES;
				CLANG_WARN_SUSPICIOUS_MOVE = YES;
				CLANG_WARN_UNGUARDED_AVAILABILITY = YES_AGGRESSIVE;
				CLANG_WARN_UNREACHABLE_CODE = YES;
				CLANG_WARN__DUPLICATE_METHOD_MATCH = YES;
				COPY_PHASE_STRIP = NO;
				DEBUG_INFORMATION_FORMAT = dwarf;
				ENABLE_STRICT_OBJC_MSGSEND = YES;
				ENABLE_TESTABILITY = YES;
				GCC_C_LANGUAGE_STANDARD = gnu11;
				GCC_DYNAMIC_NO_PIC = NO;
				GCC_NO_COMMON_BLOCKS = YES;
				GCC_OPTIMIZATION_LEVEL = 0;
				GCC_PREPROCESSOR_DEFINITIONS = (
					"DEBUG=1",
					"$(inherited)",
				);
				GCC_WARN_64_TO_32_BIT_CONVERSION = YES;
				GCC_WARN_ABOUT_RETURN_TYPE = YES_ERROR;
				GCC_WARN_UNDECLARED_SELECTOR = YES;
				GCC_WARN_UNINITIALIZED_AUTOS = YES_AGGRESSIVE;
				GCC_WARN_UNUSED_FUNCTION = YES;
				GCC_WARN_UNUSED_VARIABLE = YES;
				IPHONEOS_DEPLOYMENT_TARGET = 15.5;
				MTL_ENABLE_DEBUG_INFO = INCLUDE_SOURCE;
				MTL_FAST_MATH = YES;
				ONLY_ACTIVE_ARCH = YES;
				SDKROOT = iphoneos;
				SWIFT_ACTIVE_COMPILATION_CONDITIONS = DEBUG;
				SWIFT_OPTIMIZATION_LEVEL = "-Onone";
			};
			name = Debug;
		};
		84914FD72910071B008C8AE9 /* Release */ = {
			isa = XCBuildConfiguration;
			buildSettings = {
				ALWAYS_SEARCH_USER_PATHS = NO;
				CLANG_ANALYZER_NONNULL = YES;
				CLANG_ANALYZER_NUMBER_OBJECT_CONVERSION = YES_AGGRESSIVE;
				CLANG_CXX_LANGUAGE_STANDARD = "gnu++17";
				CLANG_ENABLE_MODULES = YES;
				CLANG_ENABLE_OBJC_ARC = YES;
				CLANG_ENABLE_OBJC_WEAK = YES;
				CLANG_WARN_BLOCK_CAPTURE_AUTORELEASING = YES;
				CLANG_WARN_BOOL_CONVERSION = YES;
				CLANG_WARN_COMMA = YES;
				CLANG_WARN_CONSTANT_CONVERSION = YES;
				CLANG_WARN_DEPRECATED_OBJC_IMPLEMENTATIONS = YES;
				CLANG_WARN_DIRECT_OBJC_ISA_USAGE = YES_ERROR;
				CLANG_WARN_DOCUMENTATION_COMMENTS = YES;
				CLANG_WARN_EMPTY_BODY = YES;
				CLANG_WARN_ENUM_CONVERSION = YES;
				CLANG_WARN_INFINITE_RECURSION = YES;
				CLANG_WARN_INT_CONVERSION = YES;
				CLANG_WARN_NON_LITERAL_NULL_CONVERSION = YES;
				CLANG_WARN_OBJC_IMPLICIT_RETAIN_SELF = YES;
				CLANG_WARN_OBJC_LITERAL_CONVERSION = YES;
				CLANG_WARN_OBJC_ROOT_CLASS = YES_ERROR;
				CLANG_WARN_QUOTED_INCLUDE_IN_FRAMEWORK_HEADER = YES;
				CLANG_WARN_RANGE_LOOP_ANALYSIS = YES;
				CLANG_WARN_STRICT_PROTOTYPES = YES;
				CLANG_WARN_SUSPICIOUS_MOVE = YES;
				CLANG_WARN_UNGUARDED_AVAILABILITY = YES_AGGRESSIVE;
				CLANG_WARN_UNREACHABLE_CODE = YES;
				CLANG_WARN__DUPLICATE_METHOD_MATCH = YES;
				COPY_PHASE_STRIP = NO;
				DEBUG_INFORMATION_FORMAT = "dwarf-with-dsym";
				ENABLE_NS_ASSERTIONS = NO;
				ENABLE_STRICT_OBJC_MSGSEND = YES;
				GCC_C_LANGUAGE_STANDARD = gnu11;
				GCC_NO_COMMON_BLOCKS = YES;
				GCC_WARN_64_TO_32_BIT_CONVERSION = YES;
				GCC_WARN_ABOUT_RETURN_TYPE = YES_ERROR;
				GCC_WARN_UNDECLARED_SELECTOR = YES;
				GCC_WARN_UNINITIALIZED_AUTOS = YES_AGGRESSIVE;
				GCC_WARN_UNUSED_FUNCTION = YES;
				GCC_WARN_UNUSED_VARIABLE = YES;
				IPHONEOS_DEPLOYMENT_TARGET = 15.5;
				MTL_ENABLE_DEBUG_INFO = NO;
				MTL_FAST_MATH = YES;
				SDKROOT = iphoneos;
				SWIFT_COMPILATION_MODE = wholemodule;
				SWIFT_OPTIMIZATION_LEVEL = "-O";
				VALIDATE_PRODUCT = YES;
			};
			name = Release;
		};
		84914FD92910071B008C8AE9 /* Debug */ = {
			isa = XCBuildConfiguration;
			baseConfigurationReference = 528DF1D3965FB618C681D387 /* Pods-MarketTest.debug.xcconfig */;
			buildSettings = {
				ASSETCATALOG_COMPILER_APPICON_NAME = AppIcon;
				ASSETCATALOG_COMPILER_GLOBAL_ACCENT_COLOR_NAME = AccentColor;
				CODE_SIGN_STYLE = Automatic;
				CURRENT_PROJECT_VERSION = 1;
				DEVELOPMENT_ASSET_PATHS = "\"MarketTest/Resources/Preview Content\"";
				DEVELOPMENT_TEAM = 8TC4T4YW8P;
				ENABLE_PREVIEWS = YES;
				GENERATE_INFOPLIST_FILE = YES;
				INFOPLIST_FILE = MarketTest/Info.plist;
				INFOPLIST_KEY_UIApplicationSceneManifest_Generation = YES;
				INFOPLIST_KEY_UIApplicationSupportsIndirectInputEvents = YES;
				INFOPLIST_KEY_UILaunchScreen_Generation = YES;
				INFOPLIST_KEY_UISupportedInterfaceOrientations_iPad = "UIInterfaceOrientationPortrait UIInterfaceOrientationPortraitUpsideDown UIInterfaceOrientationLandscapeLeft UIInterfaceOrientationLandscapeRight";
				INFOPLIST_KEY_UISupportedInterfaceOrientations_iPhone = "UIInterfaceOrientationPortrait UIInterfaceOrientationLandscapeLeft UIInterfaceOrientationLandscapeRight";
				LD_RUNPATH_SEARCH_PATHS = (
					"$(inherited)",
					"@executable_path/Frameworks",
				);
				MARKETING_VERSION = 1.0;
				PRODUCT_BUNDLE_IDENTIFIER = com.learn.local.MarketTest;
				PRODUCT_NAME = "$(TARGET_NAME)";
				SWIFT_EMIT_LOC_STRINGS = YES;
				SWIFT_VERSION = 5.0;
				TARGETED_DEVICE_FAMILY = "1,2";
			};
			name = Debug;
		};
		84914FDA2910071B008C8AE9 /* Release */ = {
			isa = XCBuildConfiguration;
			baseConfigurationReference = 9B1C01240B4F89809A065CD3 /* Pods-MarketTest.release.xcconfig */;
			buildSettings = {
				ASSETCATALOG_COMPILER_APPICON_NAME = AppIcon;
				ASSETCATALOG_COMPILER_GLOBAL_ACCENT_COLOR_NAME = AccentColor;
				CODE_SIGN_STYLE = Automatic;
				CURRENT_PROJECT_VERSION = 1;
				DEVELOPMENT_ASSET_PATHS = "\"MarketTest/Resources/Preview Content\"";
				DEVELOPMENT_TEAM = 8TC4T4YW8P;
				ENABLE_PREVIEWS = YES;
				GENERATE_INFOPLIST_FILE = YES;
				INFOPLIST_FILE = MarketTest/Info.plist;
				INFOPLIST_KEY_UIApplicationSceneManifest_Generation = YES;
				INFOPLIST_KEY_UIApplicationSupportsIndirectInputEvents = YES;
				INFOPLIST_KEY_UILaunchScreen_Generation = YES;
				INFOPLIST_KEY_UISupportedInterfaceOrientations_iPad = "UIInterfaceOrientationPortrait UIInterfaceOrientationPortraitUpsideDown UIInterfaceOrientationLandscapeLeft UIInterfaceOrientationLandscapeRight";
				INFOPLIST_KEY_UISupportedInterfaceOrientations_iPhone = "UIInterfaceOrientationPortrait UIInterfaceOrientationLandscapeLeft UIInterfaceOrientationLandscapeRight";
				LD_RUNPATH_SEARCH_PATHS = (
					"$(inherited)",
					"@executable_path/Frameworks",
				);
				MARKETING_VERSION = 1.0;
				PRODUCT_BUNDLE_IDENTIFIER = com.learn.local.MarketTest;
				PRODUCT_NAME = "$(TARGET_NAME)";
				SWIFT_EMIT_LOC_STRINGS = YES;
				SWIFT_VERSION = 5.0;
				TARGETED_DEVICE_FAMILY = "1,2";
			};
			name = Release;
		};
/* End XCBuildConfiguration section */

/* Begin XCConfigurationList section */
		84914FC529100718008C8AE9 /* Build configuration list for PBXProject "MarketTest" */ = {
			isa = XCConfigurationList;
			buildConfigurations = (
				84914FD62910071B008C8AE9 /* Debug */,
				84914FD72910071B008C8AE9 /* Release */,
			);
			defaultConfigurationIsVisible = 0;
			defaultConfigurationName = Release;
		};
		84914FD82910071B008C8AE9 /* Build configuration list for PBXNativeTarget "MarketTest" */ = {
			isa = XCConfigurationList;
			buildConfigurations = (
				84914FD92910071B008C8AE9 /* Debug */,
				84914FDA2910071B008C8AE9 /* Release */,
			);
			defaultConfigurationIsVisible = 0;
			defaultConfigurationName = Release;
		};
/* End XCConfigurationList section */

/* Begin XCRemoteSwiftPackageReference section */
		849150112915487F008C8AE9 /* XCRemoteSwiftPackageReference "Kingfisher" */ = {
			isa = XCRemoteSwiftPackageReference;
			repositoryURL = "https://github.com/onevcat/Kingfisher.git";
			requirement = {
				branch = master;
				kind = branch;
			};
		};
/* End XCRemoteSwiftPackageReference section */

/* Begin XCSwiftPackageProductDependency section */
		849150122915487F008C8AE9 /* Kingfisher */ = {
			isa = XCSwiftPackageProductDependency;
			package = 849150112915487F008C8AE9 /* XCRemoteSwiftPackageReference "Kingfisher" */;
			productName = Kingfisher;
		};
/* End XCSwiftPackageProductDependency section */
	};
	rootObject = 84914FC229100718008C8AE9 /* Project object */;
}
